
Microsoft Visual Studio Solution File, Format Version 12.00
# Visual Studio Version 17
VisualStudioVersion = 17.0.31903.59
MinimumVisualStudioVersion = 10.0.40219.1
Project("{2150E333-8FDC-42A3-9474-1A3956D46DE8}") = "src", "src", "{827E0CD3-B72D-47B6-A68D-7590B98EB39B}"
EndProject
Project("{2150E333-8FDC-42A3-9474-1A3956D46DE8}") = "CoreMod", "CoreMod", "{F89F526D-5969-ED40-C0FB-75CF65C61FAF}"
EndProject
Project("{FAE04EC0-301F-11D3-BF4B-00C04F79EFBC}") = "Milex_GMS1_CoreMod", "src\CoreMod\Milex_GMS1_CoreMod.csproj", "{9A3369B5-7A22-4C2B-ADF3-9AAB2CC47777}"
EndProject
Project("{FAE04EC0-301F-11D3-BF4B-00C04F79EFBC}") = "Milex_GMS1_HelloMod", "src\Mods\HelloMod\Milex_GMS1_HelloMod.csproj", "{3AE559DE-17A7-4F62-89BE-FE92324B2F14}"
EndProject
Project("{2150E333-8FDC-42A3-9474-1A3956D46DE8}") = "Mods", "Mods", "{6CBF7830-87DE-CF53-6AE2-32113C1FBCA9}"
EndProject
Project("{2150E333-8FDC-42A3-9474-1A3956D46DE8}") = "ProductionTuner", "ProductionTuner", "{E87BC4FE-FE15-9F72-0653-E1461016D663}"
EndProject
Project("{2150E333-8FDC-42A3-9474-1A3956D46DE8}") = "HelloMod", "HelloMod", "{F01CE33E-7B66-406C-960D-DF12333FAB2A}"
EndProject
Project("{FAE04EC0-301F-11D3-BF4B-00C04F79EFBC}") = "Milex_GMS1_ProductionTuner", "src\Mods\ProductionTuner\Milex_GMS1_ProductionTuner.csproj", "{8AE0318C-7818-4DA7-9C42-3DC20E3F0CD4}"
EndProject
Global
	GlobalSection(SolutionConfigurationPlatforms) = preSolution
		Debug|Any CPU = Debug|Any CPU
		Debug|x64 = Debug|x64
		Debug|x86 = Debug|x86
		Release|Any CPU = Release|Any CPU
		Release|x64 = Release|x64
		Release|x86 = Release|x86
	EndGlobalSection
	GlobalSection(ProjectConfigurationPlatforms) = postSolution
		{9A3369B5-7A22-4C2B-ADF3-9AAB2CC47777}.Debug|Any CPU.ActiveCfg = Debug|Any CPU
		{9A3369B5-7A22-4C2B-ADF3-9AAB2CC47777}.Debug|Any CPU.Build.0 = Debug|Any CPU
		{9A3369B5-7A22-4C2B-ADF3-9AAB2CC47777}.Debug|x64.ActiveCfg = Debug|Any CPU
		{9A3369B5-7A22-4C2B-ADF3-9AAB2CC47777}.Debug|x64.Build.0 = Debug|Any CPU
		{9A3369B5-7A22-4C2B-ADF3-9AAB2CC47777}.Debug|x86.ActiveCfg = Debug|Any CPU
		{9A3369B5-7A22-4C2B-ADF3-9AAB2CC47777}.Debug|x86.Build.0 = Debug|Any CPU
		{9A3369B5-7A22-4C2B-ADF3-9AAB2CC47777}.Release|Any CPU.ActiveCfg = Release|Any CPU
		{9A3369B5-7A22-4C2B-ADF3-9AAB2CC47777}.Release|Any CPU.Build.0 = Release|Any CPU
		{9A3369B5-7A22-4C2B-ADF3-9AAB2CC47777}.Release|x64.ActiveCfg = Release|Any CPU
		{9A3369B5-7A22-4C2B-ADF3-9AAB2CC47777}.Release|x64.Build.0 = Release|Any CPU
		{9A3369B5-7A22-4C2B-ADF3-9AAB2CC47777}.Release|x86.ActiveCfg = Release|Any CPU
		{9A3369B5-7A22-4C2B-ADF3-9AAB2CC47777}.Release|x86.Build.0 = Release|Any CPU
		{3AE559DE-17A7-4F62-89BE-FE92324B2F14}.Debug|Any CPU.ActiveCfg = Debug|Any CPU
		{3AE559DE-17A7-4F62-89BE-FE92324B2F14}.Debug|Any CPU.Build.0 = Debug|Any CPU
		{3AE559DE-17A7-4F62-89BE-FE92324B2F14}.Debug|x64.ActiveCfg = Debug|Any CPU
		{3AE559DE-17A7-4F62-89BE-FE92324B2F14}.Debug|x64.Build.0 = Debug|Any CPU
		{3AE559DE-17A7-4F62-89BE-FE92324B2F14}.Debug|x86.ActiveCfg = Debug|Any CPU
		{3AE559DE-17A7-4F62-89BE-FE92324B2F14}.Debug|x86.Build.0 = Debug|Any CPU
		{3AE559DE-17A7-4F62-89BE-FE92324B2F14}.Release|Any CPU.ActiveCfg = Release|Any CPU
		{3AE559DE-17A7-4F62-89BE-FE92324B2F14}.Release|Any CPU.Build.0 = Release|Any CPU
		{3AE559DE-17A7-4F62-89BE-FE92324B2F14}.Release|x64.ActiveCfg = Release|Any CPU
		{3AE559DE-17A7-4F62-89BE-FE92324B2F14}.Release|x64.Build.0 = Release|Any CPU
		{3AE559DE-17A7-4F62-89BE-FE92324B2F14}.Release|x86.ActiveCfg = Release|Any CPU
		{3AE559DE-17A7-4F62-89BE-FE92324B2F14}.Release|x86.Build.0 = Release|Any CPU
		{8AE0318C-7818-4DA7-9C42-3DC20E3F0CD4}.Debug|Any CPU.ActiveCfg = Debug|Any CPU
		{8AE0318C-7818-4DA7-9C42-3DC20E3F0CD4}.Debug|Any CPU.Build.0 = Debug|Any CPU
		{8AE0318C-7818-4DA7-9C42-3DC20E3F0CD4}.Debug|x64.ActiveCfg = Debug|Any CPU
		{8AE0318C-7818-4DA7-9C42-3DC20E3F0CD4}.Debug|x64.Build.0 = Debug|Any CPU
		{8AE0318C-7818-4DA7-9C42-3DC20E3F0CD4}.Debug|x86.ActiveCfg = Debug|Any CPU
		{8AE0318C-7818-4DA7-9C42-3DC20E3F0CD4}.Debug|x86.Build.0 = Debug|Any CPU
		{8AE0318C-7818-4DA7-9C42-3DC20E3F0CD4}.Release|Any CPU.ActiveCfg = Release|Any CPU
		{8AE0318C-7818-4DA7-9C42-3DC20E3F0CD4}.Release|Any CPU.Build.0 = Release|Any CPU
		{8AE0318C-7818-4DA7-9C42-3DC20E3F0CD4}.Release|x64.ActiveCfg = Release|Any CPU
		{8AE0318C-7818-4DA7-9C42-3DC20E3F0CD4}.Release|x64.Build.0 = Release|Any CPU
		{8AE0318C-7818-4DA7-9C42-3DC20E3F0CD4}.Release|x86.ActiveCfg = Release|Any CPU
		{8AE0318C-7818-4DA7-9C42-3DC20E3F0CD4}.Release|x86.Build.0 = Release|Any CPU
	EndGlobalSection
	GlobalSection(SolutionProperties) = preSolution
		HideSolutionNode = FALSE
	EndGlobalSection
	GlobalSection(NestedProjects) = preSolution
		{F89F526D-5969-ED40-C0FB-75CF65C61FAF} = {827E0CD3-B72D-47B6-A68D-7590B98EB39B}
		{9A3369B5-7A22-4C2B-ADF3-9AAB2CC47777} = {F89F526D-5969-ED40-C0FB-75CF65C61FAF}
		{3AE559DE-17A7-4F62-89BE-FE92324B2F14} = {F01CE33E-7B66-406C-960D-DF12333FAB2A}
		{6CBF7830-87DE-CF53-6AE2-32113C1FBCA9} = {827E0CD3-B72D-47B6-A68D-7590B98EB39B}
		{E87BC4FE-FE15-9F72-0653-E1461016D663} = {6CBF7830-87DE-CF53-6AE2-32113C1FBCA9}
		{8AE0318C-7818-4DA7-9C42-3DC20E3F0CD4} = {E87BC4FE-FE15-9F72-0653-E1461016D663}
		{F01CE33E-7B66-406C-960D-DF12333FAB2A} = {6CBF7830-87DE-CF53-6AE2-32113C1FBCA9}
	EndGlobalSection
EndGlobal
